{
  "originHash" : "9c664f51ad17d9671658ad2dc00be061015c0833e5045276cc99120cc8f0ec3e",
  "pins" : [
    {
      "identity" : "abseil-cpp-swiftpm",
      "kind" : "remoteSourceControl",
      "location" : "https://github.com/firebase/abseil-cpp-SwiftPM.git",
      "state" : {
        "branch" : "main",
        "revision" : "1c50c2cd0bffe5a03cde6fe17129334dcf05071b"
      }
    },
    {
      "identity" : "boringssl-swiftpm",
      "kind" : "remoteSourceControl",
      "location" : "https://github.com/firebase/boringssl-SwiftPM.git",
      "state" : {
        "revision" : "734a8247442fde37df4364c21f6a0085b6a36728",
        "version" : "0.7.2"
      }
    },
    {
      "identity" : "factory",
      "kind" : "remoteSourceControl",
      "location" : "https://github.com/hmlongco/Factory.git",
      "state" : {
        "revision" : "ccc898f21992ebc130bc04cc197460a5ae230bcf",
        "version" : "2.5.3"
      }
    },
    {
      "identity" : "nearby",
      "kind" : "remoteSourceControl",
      "location" : "https://github.com/google/nearby.git",
      "state" : {
        "branch" : "main",
        "revision" : "dd943af8e90b32e9c4ca6304bf734e793bf7184f"
      }
    },
    {
      "identity" : "realm-core",
      "kind" : "remoteSourceControl",
      "location" : "https://github.com/realm/realm-core.git",
      "state" : {
        "revision" : "cccb3ca9e26ec452a29f2f0d4050d1e38b8a3d43",
        "version" : "14.14.0"
      }
    },
    {
      "identity" : "realm-swift",
      "kind" : "remoteSourceControl",
      "location" : "https://github.com/realm/realm-swift.git",
      "state" : {
        "branch" : "master",
        "revision" : "c22f9303d446fc3c044e4c151ed19597464b6bd7"
      }
    }
  ],
  "version" : 3
}
